
Microsoft Visual Studio Solution File, Format Version 12.00
# Visual Studio Version 16
VisualStudioVersion = 16.0.30717.126
MinimumVisualStudioVersion = 10.0.40219.1
Project("{FAE04EC0-301F-11D3-BF4B-00C04F79EFBC}") = "AutoPlan_Prostate", "AutoPlan_Prostate.csproj", "{28C55C0C-20F3-45C0-9542-2AE472AC65C7}"
EndProject
Global
	GlobalSection(SolutionConfigurationPlatforms) = preSolution
		Debug|x64 = Debug|x64
		Release|x64 = Release|x64
	EndGlobalSection
	GlobalSection(ProjectConfigurationPlatforms) = postSolution
		{28C55C0C-20F3-45C0-9542-2AE472AC65C7}.Debug|x64.ActiveCfg = Debug|x64
		{28C55C0C-20F3-45C0-9542-2AE472AC65C7}.Debug|x64.Build.0 = Debug|x64
		{28C55C0C-20F3-45C0-9542-2AE472AC65C7}.Release|x64.ActiveCfg = Release|x64
		{28C55C0C-20F3-45C0-9542-2AE472AC65C7}.Release|x64.Build.0 = Release|x64
	EndGlobalSection
	GlobalSection(SolutionProperties) = preSolution
		HideSolutionNode = FALSE
	EndGlobalSection
	GlobalSection(ExtensibilityGlobals) = postSolution
		SolutionGuid = {9D1EA0A7-53C1-4952-AA07-03A92B632A27}
	EndGlobalSection
EndGlobal
